
Microsoft Visual Studio Solution File, Format Version 12.00
# Visual Studio Version 17
VisualStudioVersion = 17.2.32602.215
MinimumVisualStudioVersion = 10.0.40219.1
Project("{FAE04EC0-301F-11D3-BF4B-00C04F79EFBC}") = "CalcProject", "CalcProject\CalcProject.csproj", "{F8CFC41B-81EE-40B2-99D1-ED455C739651}"
EndProject
Project("{FAE04EC0-301F-11D3-BF4B-00C04F79EFBC}") = "CalcTest", "CalcTest\CalcTest.csproj", "{1103ABD8-18B8-4CB1-8E04-7C5A32A50D36}"
EndProject
Global
	GlobalSection(SolutionConfigurationPlatforms) = preSolution
		Debug|Any CPU = Debug|Any CPU
		Release|Any CPU = Release|Any CPU
	EndGlobalSection
	GlobalSection(ProjectConfigurationPlatforms) = postSolution
		{F8CFC41B-81EE-40B2-99D1-ED455C739651}.Debug|Any CPU.ActiveCfg = Debug|Any CPU
		{F8CFC41B-81EE-40B2-99D1-ED455C739651}.Debug|Any CPU.Build.0 = Debug|Any CPU
		{F8CFC41B-81EE-40B2-99D1-ED455C739651}.Release|Any CPU.ActiveCfg = Release|Any CPU
		{F8CFC41B-81EE-40B2-99D1-ED455C739651}.Release|Any CPU.Build.0 = Release|Any CPU
		{1103ABD8-18B8-4CB1-8E04-7C5A32A50D36}.Debug|Any CPU.ActiveCfg = Debug|Any CPU
		{1103ABD8-18B8-4CB1-8E04-7C5A32A50D36}.Debug|Any CPU.Build.0 = Debug|Any CPU
		{1103ABD8-18B8-4CB1-8E04-7C5A32A50D36}.Release|Any CPU.ActiveCfg = Release|Any CPU
		{1103ABD8-18B8-4CB1-8E04-7C5A32A50D36}.Release|Any CPU.Build.0 = Release|Any CPU
	EndGlobalSection
	GlobalSection(SolutionProperties) = preSolution
		HideSolutionNode = FALSE
	EndGlobalSection
	GlobalSection(ExtensibilityGlobals) = postSolution
		SolutionGuid = {E531AF1E-FF06-48E3-85E0-7FD584A1640A}
	EndGlobalSection
EndGlobal
